{
  "requires": true,
  "lockfileVersion": 1,
  "dependencies": {
    "autorest": {
      "version": "3.6.2",
      "resolved": "https://registry.npmjs.org/autorest/-/autorest-3.6.2.tgz",
      "integrity": "sha512-JRMmAsSG4wplYUkjVOWELidF+P/OG9BjF542aQcbt4Qj85bJ+7EzRCTV09vbf8f4ScOB+I68+9IcskjNTU9UkQ=="
    }
  }
}
